// !$*UTF8*$!
{
	archiveVersion = 1;
	classes = {
	};
	objectVersion = 46;
	objects = {

/* Begin PBXBuildFile section */
		FFBBD83915A0D15D00E7E9A9 /* UIKit.framework in Frameworks */ = {isa = PBXBuildFile; fileRef = FFBBD83815A0D15D00E7E9A9 /* UIKit.framework */; };
		FFBBD83B15A0D15D00E7E9A9 /* Foundation.framework in Frameworks */ = {isa = PBXBuildFile; fileRef = FFBBD83A15A0D15D00E7E9A9 /* Foundation.framework */; };
		FFBBD83D15A0D15D00E7E9A9 /* CoreGraphics.framework in Frameworks */ = {isa = PBXBuildFile; fileRef = FFBBD83C15A0D15D00E7E9A9 /* CoreGraphics.framework */; };
		FFBBD84315A0D15D00E7E9A9 /* InfoPlist.strings in Resources */ = {isa = PBXBuildFile; fileRef = FFBBD84115A0D15D00E7E9A9 /* InfoPlist.strings */; };
		FFBBD84515A0D15D00E7E9A9 /* main.m in Sources */ = {isa = PBXBuildFile; fileRef = FFBBD84415A0D15D00E7E9A9 /* main.m */; };
		FFBBD84915A0D15D00E7E9A9 /* AppDelegate.m in Sources */ = {isa = PBXBuildFile; fileRef = FFBBD84815A0D15D00E7E9A9 /* AppDelegate.m */; };
		FFBBD84C15A0D15D00E7E9A9 /* MainStoryboard.storyboard in Resources */ = {isa = PBXBuildFile; fileRef = FFBBD84A15A0D15D00E7E9A9 /* MainStoryboard.storyboard */; };
		FFBBD84F15A0D15D00E7E9A9 /* ViewController.m in Sources */ = {isa = PBXBuildFile; fileRef = FFBBD84E15A0D15D00E7E9A9 /* ViewController.m */; };
/* End PBXBuildFile section */

/* Begin PBXFileReference section */
		FFBBD83415A0D15D00E7E9A9 /* Calculator.app */ = {isa = PBXFileReference; explicitFileType = wrapper.application; includeInIndex = 0; path = Calculator.app; sourceTree = BUILT_PRODUCTS_DIR; };
		FFBBD83815A0D15D00E7E9A9 /* UIKit.framework */ = {isa = PBXFileReference; lastKnownFileType = wrapper.framework; name = UIKit.framework; path = System/Library/Frameworks/UIKit.framework; sourceTree = SDKROOT; };
		FFBBD83A15A0D15D00E7E9A9 /* Foundation.framework */ = {isa = PBXFileReference; lastKnownFileType = wrapper.framework; name = Foundation.framework; path = System/Library/Frameworks/Foundation.framework; sourceTree = SDKROOT; };
		FFBBD83C15A0D15D00E7E9A9 /* CoreGraphics.framework */ = {isa = PBXFileReference; lastKnownFileType = wrapper.framework; name = CoreGraphics.framework; path = System/Library/Frameworks/CoreGraphics.framework; sourceTree = SDKROOT; };
		FFBBD84015A0D15D00E7E9A9 /* Calculator-Info.plist */ = {isa = PBXFileReference; path = "Calculator-Info.plist"; sourceTree = "<group>"; };
		FFBBD84215A0D15D00E7E9A9 /* en */ = {isa = PBXFileReference; lastKnownFileType = text.plist.strings; name = en; path = en.lproj/InfoPlist.strings; sourceTree = "<group>"; };
		FFBBD84415A0D15D00E7E9A9 /* main.m */ = {isa = PBXFileReference; lastKnownFileType = sourcecode.c.objc; path = main.m; sourceTree = "<group>"; };
		FFBBD84615A0D15D00E7E9A9 /* Calculator-Prefix.pch */ = {isa = PBXFileReference; path = "Calculator-Prefix.pch"; sourceTree = "<group>"; };
		FFBBD84715A0D15D00E7E9A9 /* AppDelegate.h */ = {isa = PBXFileReference; path = AppDelegate.h; sourceTree = "<group>"; };
		FFBBD84815A0D15D00E7E9A9 /* AppDelegate.m */ = {isa = PBXFileReference; lastKnownFileType = sourcecode.c.objc; path = AppDelegate.m; sourceTree = "<group>"; };
		FFBBD84B15A0D15D00E7E9A9 /* en */ = {isa = PBXFileReference; lastKnownFileType = file.storyboard; name = en; path = en.lproj/MainStoryboard.storyboard; sourceTree = "<group>"; };
		FFBBD84D15A0D15D00E7E9A9 /* ViewController.h */ = {isa = PBXFileReference; path = ViewController.h; sourceTree = "<group>"; };
		FFBBD84E15A0D15D00E7E9A9 /* ViewController.m */ = {isa = PBXFileReference; lastKnownFileType = sourcecode.c.objc; path = ViewController.m; sourceTree = "<group>"; };
/* End PBXFileReference section */

/* Begin PBXFrameworksBuildPhase section */
		FFBBD83115A0D15D00E7E9A9 /* Frameworks */ = {
			isa = PBXFrameworksBuildPhase;
			buildActionMask = 2147483647;
			files = (
				FFBBD83915A0D15D00E7E9A9 /* UIKit.framework in Frameworks */,
				FFBBD83B15A0D15D00E7E9A9 /* Foundation.framework in Frameworks */,
				FFBBD83D15A0D15D00E7E9A9 /* CoreGraphics.framework in Frameworks */,
			);
			runOnlyForDeploymentPostprocessing = 0;
		};
/* End PBXFrameworksBuildPhase section */

/* Begin PBXGroup section */
		FFBBD82915A0D15D00E7E9A9 = {
			isa = PBXGroup;
			children = (
				FFBBD83E15A0D15D00E7E9A9 /* Calculator */,
				FFBBD83715A0D15D00E7E9A9 /* Frameworks */,
				FFBBD83515A0D15D00E7E9A9 /* Products */,
			);
			sourceTree = "<group>";
		};
		FFBBD83515A0D15D00E7E9A9 /* Products */ = {
			isa = PBXGroup;
			children = (
				FFBBD83415A0D15D00E7E9A9 /* Calculator.app */,
			);
			name = Products;
			sourceTree = "<group>";
		};
		FFBBD83715A0D15D00E7E9A9 /* Frameworks */ = {
			isa = PBXGroup;
			children = (
				FFBBD83815A0D15D00E7E9A9 /* UIKit.framework */,
				FFBBD83A15A0D15D00E7E9A9 /* Foundation.framework */,
				FFBBD83C15A0D15D00E7E9A9 /* CoreGraphics.framework */,
			);
			name = Frameworks;
			sourceTree = "<group>";
		};
		FFBBD83E15A0D15D00E7E9A9 /* Calculator */ = {
			isa = PBXGroup;
			children = (
				FFBBD84715A0D15D00E7E9A9 /* AppDelegate.h */,
				FFBBD84815A0D15D00E7E9A9 /* AppDelegate.m */,
				FFBBD84A15A0D15D00E7E9A9 /* MainStoryboard.storyboard */,
				FFBBD84D15A0D15D00E7E9A9 /* ViewController.h */,
				FFBBD84E15A0D15D00E7E9A9 /* ViewController.m */,
				FFBBD83F15A0D15D00E7E9A9 /* Supporting Files */,
			);
			path = Calculator;
			sourceTree = "<group>";
		};
		FFBBD83F15A0D15D00E7E9A9 /* Supporting Files */ = {
			isa = PBXGroup;
			children = (
				FFBBD84015A0D15D00E7E9A9 /* Calculator-Info.plist */,
				FFBBD84115A0D15D00E7E9A9 /* InfoPlist.strings */,
				FFBBD84415A0D15D00E7E9A9 /* main.m */,
				FFBBD84615A0D15D00E7E9A9 /* Calculator-Prefix.pch */,
			);
			name = "Supporting Files";
			sourceTree = "<group>";
		};
/* End PBXGroup section */

/* Begin PBXNativeTarget section */
		FFBBD83315A0D15D00E7E9A9 /* Calculator */ = {
			isa = PBXNativeTarget;
			buildConfigurationList = FFBBD85215A0D15D00E7E9A9 /* Build configuration list for PBXNativeTarget "Calculator" */;
			buildPhases = (
				FFBBD83015A0D15D00E7E9A9 /* Sources */,
				FFBBD83115A0D15D00E7E9A9 /* Frameworks */,
				FFBBD83215A0D15D00E7E9A9 /* Resources */,
			);
			buildRules = (
			);
			dependencies = (
			);
			name = Calculator;
			productName = Calculator;
			productReference = FFBBD83415A0D15D00E7E9A9 /* Calculator.app */;
			productType = "com.apple.product-type.application";
		};
/* End PBXNativeTarget section */

/* Begin PBXProject section */
		FFBBD82B15A0D15D00E7E9A9 /* Project object */ = {
			isa = PBXProject;
			attributes = {
				LastUpgradeCheck = 0430;
			};
			buildConfigurationList = FFBBD82E15A0D15D00E7E9A9 /* Build configuration list for PBXProject "Calculator" */;
			compatibilityVersion = "Xcode 3.2";
			developmentRegion = English;
			hasScannedForEncodings = 0;
			knownRegions = (
				en,
			);
			mainGroup = FFBBD82915A0D15D00E7E9A9;
			productRefGroup = FFBBD83515A0D15D00E7E9A9 /* Products */;
			projectDirPath = "";
			projectRoot = "";
			targets = (
				FFBBD83315A0D15D00E7E9A9 /* Calculator */,
			);
		};
/* End PBXProject section */

/* Begin PBXResourcesBuildPhase section */
		FFBBD83215A0D15D00E7E9A9 /* Resources */ = {
			isa = PBXResourcesBuildPhase;
			buildActionMask = 2147483647;
			files = (
				FFBBD84315A0D15D00E7E9A9 /* InfoPlist.strings in Resources */,
				FFBBD84C15A0D15D00E7E9A9 /* MainStoryboard.storyboard in Resources */,
			);
			runOnlyForDeploymentPostprocessing = 0;
		};
/* End PBXResourcesBuildPhase section */

/* Begin PBXSourcesBuildPhase section */
		FFBBD83015A0D15D00E7E9A9 /* Sources */ = {
			isa = PBXSourcesBuildPhase;
			buildActionMask = 2147483647;
			files = (
				FFBBD84515A0D15D00E7E9A9 /* main.m in Sources */,
				FFBBD84915A0D15D00E7E9A9 /* AppDelegate.m in Sources */,
				FFBBD84F15A0D15D00E7E9A9 /* ViewController.m in Sources */,
			);
			runOnlyForDeploymentPostprocessing = 0;
		};
/* End PBXSourcesBuildPhase section */

/* Begin PBXVariantGroup section */
		FFBBD84115A0D15D00E7E9A9 /* InfoPlist.strings */ = {
			isa = PBXVariantGroup;
			children = (
				FFBBD84215A0D15D00E7E9A9 /* en */,
			);
			name = InfoPlist.strings;
			sourceTree = "<group>";
		};
		FFBBD84A15A0D15D00E7E9A9 /* MainStoryboard.storyboard */ = {
			isa = PBXVariantGroup;
			children = (
				FFBBD84B15A0D15D00E7E9A9 /* en */,
			);
			name = MainStoryboard.storyboard;
			sourceTree = "<group>";
		};
/* End PBXVariantGroup section */

/* Begin XCBuildConfiguration section */
		FFBBD85015A0D15D00E7E9A9 /* Debug */ = {
			isa = XCBuildConfiguration;
			buildSettings = {
				ALWAYS_SEARCH_USER_PATHS = NO;
				ARCHS = "$(ARCHS_STANDARD_32_BIT)";
				CLANG_ENABLE_OBJC_ARC = YES;
				"CODE_SIGN_IDENTITY[sdk=iphoneos*]" = "iPhone Developer";
				COPY_PHASE_STRIP = NO;
				GCC_C_LANGUAGE_STANDARD = gnu99;
				GCC_DYNAMIC_NO_PIC = NO;
				GCC_OPTIMIZATION_LEVEL = 0;
				GCC_PREPROCESSOR_DEFINITIONS = (
					"DEBUG=1",
					"$(inherited)",
				);
				GCC_SYMBOLS_PRIVATE_EXTERN = NO;
				GCC_VERSION = com.apple.compilers.llvm.clang.1_0;
				GCC_WARN_ABOUT_RETURN_TYPE = YES;
				GCC_WARN_UNINITIALIZED_AUTOS = YES;
				GCC_WARN_UNUSED_VARIABLE = YES;
				IPHONEOS_DEPLOYMENT_TARGET = 5.1;
				SDKROOT = iphoneos;
			};
			name = Debug;
		};
		FFBBD85115A0D15D00E7E9A9 /* Release */ = {
			isa = XCBuildConfiguration;
			buildSettings = {
				ALWAYS_SEARCH_USER_PATHS = NO;
				ARCHS = "$(ARCHS_STANDARD_32_BIT)";
				CLANG_ENABLE_OBJC_ARC = YES;
				"CODE_SIGN_IDENTITY[sdk=iphoneos*]" = "iPhone Developer";
				COPY_PHASE_STRIP = YES;
				GCC_C_LANGUAGE_STANDARD = gnu99;
				GCC_VERSION = com.apple.compilers.llvm.clang.1_0;
				GCC_WARN_ABOUT_RETURN_TYPE = YES;
				GCC_WARN_UNINITIALIZED_AUTOS = YES;
				GCC_WARN_UNUSED_VARIABLE = YES;
				IPHONEOS_DEPLOYMENT_TARGET = 5.1;
				OTHER_CFLAGS = "-DNS_BLOCK_ASSERTIONS=1";
				SDKROOT = iphoneos;
				VALIDATE_PRODUCT = YES;
			};
			name = Release;
		};
		FFBBD85315A0D15D00E7E9A9 /* Debug */ = {
			isa = XCBuildConfiguration;
			buildSettings = {
				GCC_PRECOMPILE_PREFIX_HEADER = YES;
				GCC_PREFIX_HEADER = "Calculator/Calculator-Prefix.pch";
				INFOPLIST_FILE = "Calculator/Calculator-Info.plist";
				PRODUCT_NAME = "$(TARGET_NAME)";
				WRAPPER_EXTENSION = app;
			};
			name = Debug;
		};
		FFBBD85415A0D15D00E7E9A9 /* Release */ = {
			isa = XCBuildConfiguration;
			buildSettings = {
				GCC_PRECOMPILE_PREFIX_HEADER = YES;
				GCC_PREFIX_HEADER = "Calculator/Calculator-Prefix.pch";
				INFOPLIST_FILE = "Calculator/Calculator-Info.plist";
				PRODUCT_NAME = "$(TARGET_NAME)";
				WRAPPER_EXTENSION = app;
			};
			name = Release;
		};
/* End XCBuildConfiguration section */

/* Begin XCConfigurationList section */
		FFBBD82E15A0D15D00E7E9A9 /* Build configuration list for PBXProject "Calculator" */ = {
			isa = XCConfigurationList;
			buildConfigurations = (
				FFBBD85015A0D15D00E7E9A9 /* Debug */,
				FFBBD85115A0D15D00E7E9A9 /* Release */,
			);
			defaultConfigurationIsVisible = 0;
			defaultConfigurationName = Release;
		};
		FFBBD85215A0D15D00E7E9A9 /* Build configuration list for PBXNativeTarget "Calculator" */ = {
			isa = XCConfigurationList;
			buildConfigurations = (
				FFBBD85315A0D15D00E7E9A9 /* Debug */,
				FFBBD85415A0D15D00E7E9A9 /* Release */,
			);
			defaultConfigurationIsVisible = 0;
		};
/* End XCConfigurationList section */
	};
	rootObject = FFBBD82B15A0D15D00E7E9A9 /* Project object */;
}
